<?xml version="1.0" encoding="utf-8"?>
<Project ToolsVersion="4.0" xmlns="http://schemas.microsoft.com/developer/msbuild/2003">
  <ItemGroup>
    <ClInclude Include="iappleseedgeometricobject.h" />
    <ClInclude Include="iappleseedmtl.h" />
    <ClInclude Include="utilities.h" />
    <ClInclude Include="main.h" />
  </ItemGroup>
  <ItemGroup>
    <ClCompile Include="utilities.cpp" />
  </ItemGroup>
</Project>