<?xml version="1.0" encoding="utf-8"?>
<Project ToolsVersion="4.0" xmlns="http://schemas.microsoft.com/developer/msbuild/2003">
  <ItemGroup>
    <ClCompile Include="appleseedrenderer.cpp" />
    <ClCompile Include="main.cpp" />
    <ClCompile Include="plugin.cpp" />
    <ClCompile Include="appleseedrendererparamdlg.cpp" />
    <ClCompile Include="projectbuilder.cpp" />
    <ClCompile Include="maxsceneentities.cpp" />
    <ClCompile Include="utilities.cpp" />
    <ClCompile Include="tilecallback.cpp" />
    <ClCompile Include="renderercontroller.cpp" />
  </ItemGroup>
  <ItemGroup>
    <ClInclude Include="appleseedrenderer.h" />
    <ClInclude Include="appleseedrendererparamdlg.h" />
    <ClInclude Include="utilities.h" />
    <ClInclude Include="projectbuilder.h" />
    <ClInclude Include="maxsceneentities.h" />
    <ClInclude Include="tilecallback.h" />
    <ClInclude Include="renderercontroller.h" />
    <ClInclude Include="main.h" />
    <ClInclude Include="resource.h" />
  </ItemGroup>
  <ItemGroup>
    <ResourceCompile Include="appleseed-renderer.rc" />
  </ItemGroup>
</Project>