
Microsoft Visual Studio Solution File, Format Version 12.00
# Visual Studio 2012
Project("{8BC9CEB8-8B4A-11D0-8D11-00A0C91BC942}") = "appleseed-max2016", "appleseed-max\appleseed-max2016.vcxproj", "{F43B3C0E-2A72-4B30-9016-DEC6B022D135}"
EndProject
Project("{8BC9CEB8-8B4A-11D0-8D11-00A0C91BC942}") = "appleseed-max2016-impl", "appleseed-max-impl\appleseed-max2016-impl.vcxproj", "{62C41566-DBCB-49D3-943A-4DD53222269E}"
EndProject
Global
	GlobalSection(SolutionConfigurationPlatforms) = preSolution
		Debug|x64 = Debug|x64
		Release|x64 = Release|x64
		Ship|x64 = Ship|x64
	EndGlobalSection
	GlobalSection(ProjectConfigurationPlatforms) = postSolution
		{F43B3C0E-2A72-4B30-9016-DEC6B022D135}.Debug|x64.ActiveCfg = Debug|x64
		{F43B3C0E-2A72-4B30-9016-DEC6B022D135}.Debug|x64.Build.0 = Debug|x64
		{F43B3C0E-2A72-4B30-9016-DEC6B022D135}.Release|x64.ActiveCfg = Release|x64
		{F43B3C0E-2A72-4B30-9016-DEC6B022D135}.Release|x64.Build.0 = Release|x64
		{F43B3C0E-2A72-4B30-9016-DEC6B022D135}.Ship|x64.ActiveCfg = Ship|x64
		{F43B3C0E-2A72-4B30-9016-DEC6B022D135}.Ship|x64.Build.0 = Ship|x64
		{62C41566-DBCB-49D3-943A-4DD53222269E}.Debug|x64.ActiveCfg = Debug|x64
		{62C41566-DBCB-49D3-943A-4DD53222269E}.Debug|x64.Build.0 = Debug|x64
		{62C41566-DBCB-49D3-943A-4DD53222269E}.Release|x64.ActiveCfg = Release|x64
		{62C41566-DBCB-49D3-943A-4DD53222269E}.Release|x64.Build.0 = Release|x64
		{62C41566-DBCB-49D3-943A-4DD53222269E}.Ship|x64.ActiveCfg = Ship|x64
		{62C41566-DBCB-49D3-943A-4DD53222269E}.Ship|x64.Build.0 = Ship|x64
	EndGlobalSection
	GlobalSection(SolutionProperties) = preSolution
		HideSolutionNode = FALSE
	EndGlobalSection
EndGlobal
