
Microsoft Visual Studio Solution File, Format Version 12.00
# Visual Studio 2013
VisualStudioVersion = 12.0.40629.0
MinimumVisualStudioVersion = 10.0.40219.1
Project("{8BC9CEB8-8B4A-11D0-8D11-00A0C91BC942}") = "appleseed-renderer", "appleseed-renderer\appleseed-renderer.vcxproj", "{62C41566-DBCB-49D3-943A-4DD53222269E}"
	ProjectSection(ProjectDependencies) = postProject
		{D683DE6A-BAAE-43FC-9F51-1AF521393949} = {D683DE6A-BAAE-43FC-9F51-1AF521393949}
	EndProjectSection
EndProject
Project("{8BC9CEB8-8B4A-11D0-8D11-00A0C91BC942}") = "appleseed-stdmtl", "appleseed-stdmtl\appleseed-stdmtl.vcxproj", "{7E9823AC-C312-400A-AF9C-19B6FB10649D}"
	ProjectSection(ProjectDependencies) = postProject
		{D683DE6A-BAAE-43FC-9F51-1AF521393949} = {D683DE6A-BAAE-43FC-9F51-1AF521393949}
	EndProjectSection
EndProject
Project("{8BC9CEB8-8B4A-11D0-8D11-00A0C91BC942}") = "common", "common\common.vcxproj", "{D683DE6A-BAAE-43FC-9F51-1AF521393949}"
EndProject
Global
	GlobalSection(SolutionConfigurationPlatforms) = preSolution
		Debug|Mixed Platforms = Debug|Mixed Platforms
		Debug|x64 = Debug|x64
		Release|Mixed Platforms = Release|Mixed Platforms
		Release|x64 = Release|x64
	EndGlobalSection
	GlobalSection(ProjectConfigurationPlatforms) = postSolution
		{62C41566-DBCB-49D3-943A-4DD53222269E}.Debug|Mixed Platforms.ActiveCfg = Debug|x64
		{62C41566-DBCB-49D3-943A-4DD53222269E}.Debug|Mixed Platforms.Build.0 = Debug|x64
		{62C41566-DBCB-49D3-943A-4DD53222269E}.Debug|x64.ActiveCfg = Debug|x64
		{62C41566-DBCB-49D3-943A-4DD53222269E}.Debug|x64.Build.0 = Debug|x64
		{62C41566-DBCB-49D3-943A-4DD53222269E}.Release|Mixed Platforms.ActiveCfg = Release|x64
		{62C41566-DBCB-49D3-943A-4DD53222269E}.Release|Mixed Platforms.Build.0 = Release|x64
		{62C41566-DBCB-49D3-943A-4DD53222269E}.Release|x64.ActiveCfg = Release|x64
		{62C41566-DBCB-49D3-943A-4DD53222269E}.Release|x64.Build.0 = Release|x64
		{7E9823AC-C312-400A-AF9C-19B6FB10649D}.Debug|Mixed Platforms.ActiveCfg = Debug|x64
		{7E9823AC-C312-400A-AF9C-19B6FB10649D}.Debug|Mixed Platforms.Build.0 = Debug|x64
		{7E9823AC-C312-400A-AF9C-19B6FB10649D}.Debug|x64.ActiveCfg = Debug|x64
		{7E9823AC-C312-400A-AF9C-19B6FB10649D}.Debug|x64.Build.0 = Debug|x64
		{7E9823AC-C312-400A-AF9C-19B6FB10649D}.Release|Mixed Platforms.ActiveCfg = Release|x64
		{7E9823AC-C312-400A-AF9C-19B6FB10649D}.Release|Mixed Platforms.Build.0 = Release|x64
		{7E9823AC-C312-400A-AF9C-19B6FB10649D}.Release|x64.ActiveCfg = Release|x64
		{7E9823AC-C312-400A-AF9C-19B6FB10649D}.Release|x64.Build.0 = Release|x64
		{D683DE6A-BAAE-43FC-9F51-1AF521393949}.Debug|Mixed Platforms.ActiveCfg = Debug|x64
		{D683DE6A-BAAE-43FC-9F51-1AF521393949}.Debug|Mixed Platforms.Build.0 = Debug|x64
		{D683DE6A-BAAE-43FC-9F51-1AF521393949}.Debug|x64.ActiveCfg = Debug|x64
		{D683DE6A-BAAE-43FC-9F51-1AF521393949}.Debug|x64.Build.0 = Debug|x64
		{D683DE6A-BAAE-43FC-9F51-1AF521393949}.Release|Mixed Platforms.ActiveCfg = Release|x64
		{D683DE6A-BAAE-43FC-9F51-1AF521393949}.Release|Mixed Platforms.Build.0 = Release|x64
		{D683DE6A-BAAE-43FC-9F51-1AF521393949}.Release|x64.ActiveCfg = Release|x64
		{D683DE6A-BAAE-43FC-9F51-1AF521393949}.Release|x64.Build.0 = Release|x64
	EndGlobalSection
	GlobalSection(SolutionProperties) = preSolution
		HideSolutionNode = FALSE
	EndGlobalSection
EndGlobal
