
Microsoft Visual Studio Solution File, Format Version 12.00
# Visual Studio 15
VisualStudioVersion = 15.0.28307.1231
MinimumVisualStudioVersion = 10.0.40219.1
Project("{930C7802-8A8C-48F9-8165-68863BCCD9DD}") = "appleseed-installer", "appleseed-installer.wixproj", "{685FBA7F-4A79-497B-86F6-AC23F94BCA89}"
EndProject
Global
	GlobalSection(SolutionConfigurationPlatforms) = preSolution
		Debug|x86 = Debug|x86
		Release|x86 = Release|x86
	EndGlobalSection
	GlobalSection(ProjectConfigurationPlatforms) = postSolution
		{685FBA7F-4A79-497B-86F6-AC23F94BCA89}.Debug|x86.ActiveCfg = Debug|x86
		{685FBA7F-4A79-497B-86F6-AC23F94BCA89}.Debug|x86.Build.0 = Debug|x86
		{685FBA7F-4A79-497B-86F6-AC23F94BCA89}.Release|x86.ActiveCfg = Release|x86
		{685FBA7F-4A79-497B-86F6-AC23F94BCA89}.Release|x86.Build.0 = Release|x86
	EndGlobalSection
	GlobalSection(SolutionProperties) = preSolution
		HideSolutionNode = FALSE
	EndGlobalSection
	GlobalSection(ExtensibilityGlobals) = postSolution
		SolutionGuid = {33E8E1FF-0648-41D3-95CB-DD90BDDB3634}
	EndGlobalSection
EndGlobal
